
Microsoft Visual Studio Solution File, Format Version 12.00
# Visual Studio Version 17
VisualStudioVersion = 17.5.002.0
MinimumVisualStudioVersion = 10.0.40219.1
Project("{9A19103F-16F7-4668-BE54-9A1E7A4F7556}") = "Forest_OOP__No_2", "Forest_OOP__No_2.csproj", "{CE9D1F11-8F14-4AEB-B133-D9ECDF14240D}"
EndProject
Global
	GlobalSection(SolutionConfigurationPlatforms) = preSolution
		Debug|Any CPU = Debug|Any CPU
		Release|Any CPU = Release|Any CPU
	EndGlobalSection
	GlobalSection(ProjectConfigurationPlatforms) = postSolution
		{CE9D1F11-8F14-4AEB-B133-D9ECDF14240D}.Debug|Any CPU.ActiveCfg = Debug|Any CPU
		{CE9D1F11-8F14-4AEB-B133-D9ECDF14240D}.Debug|Any CPU.Build.0 = Debug|Any CPU
		{CE9D1F11-8F14-4AEB-B133-D9ECDF14240D}.Release|Any CPU.ActiveCfg = Release|Any CPU
		{CE9D1F11-8F14-4AEB-B133-D9ECDF14240D}.Release|Any CPU.Build.0 = Release|Any CPU
	EndGlobalSection
	GlobalSection(SolutionProperties) = preSolution
		HideSolutionNode = FALSE
	EndGlobalSection
	GlobalSection(ExtensibilityGlobals) = postSolution
		SolutionGuid = {35AEF095-8858-4170-A1AD-328AF60A4C82}
	EndGlobalSection
EndGlobal
